
Microsoft Visual Studio Solution File, Format Version 12.00
# Visual Studio Version 17
VisualStudioVersion = 17.14.36203.30 d17.14
MinimumVisualStudioVersion = 10.0.40219.1
Project("{FAE04EC0-301F-11D3-BF4B-00C04F79EFBC}") = "JobBridge", "JobBridge\JobBridge.csproj", "{AE33AD05-6CC6-46C4-8D9C-333BF54A88EC}"
EndProject
Global
	GlobalSection(SolutionConfigurationPlatforms) = preSolution
		Debug|Any CPU = Debug|Any CPU
		Release|Any CPU = Release|Any CPU
	EndGlobalSection
	GlobalSection(ProjectConfigurationPlatforms) = postSolution
		{AE33AD05-6CC6-46C4-8D9C-333BF54A88EC}.Debug|Any CPU.ActiveCfg = Debug|Any CPU
		{AE33AD05-6CC6-46C4-8D9C-333BF54A88EC}.Debug|Any CPU.Build.0 = Debug|Any CPU
		{AE33AD05-6CC6-46C4-8D9C-333BF54A88EC}.Release|Any CPU.ActiveCfg = Release|Any CPU
		{AE33AD05-6CC6-46C4-8D9C-333BF54A88EC}.Release|Any CPU.Build.0 = Release|Any CPU
	EndGlobalSection
	GlobalSection(SolutionProperties) = preSolution
		HideSolutionNode = FALSE
	EndGlobalSection
	GlobalSection(ExtensibilityGlobals) = postSolution
		SolutionGuid = {D754B921-3A6D-40EA-8EC0-35A1894FA8CF}
	EndGlobalSection
EndGlobal
