
Microsoft Visual Studio Solution File, Format Version 12.00
# Visual Studio Version 17
VisualStudioVersion = 17.14.36203.30 d17.14
MinimumVisualStudioVersion = 10.0.40219.1
Project("{FAE04EC0-301F-11D3-BF4B-00C04F79EFBC}") = "ClientManagement", "ClientManagement\ClientManagement.csproj", "{C5A9EADB-EB31-4927-A6CD-76FA88660685}"
EndProject
Global
	GlobalSection(SolutionConfigurationPlatforms) = preSolution
		Debug|Any CPU = Debug|Any CPU
		Release|Any CPU = Release|Any CPU
	EndGlobalSection
	GlobalSection(ProjectConfigurationPlatforms) = postSolution
		{C5A9EADB-EB31-4927-A6CD-76FA88660685}.Debug|Any CPU.ActiveCfg = Debug|Any CPU
		{C5A9EADB-EB31-4927-A6CD-76FA88660685}.Debug|Any CPU.Build.0 = Debug|Any CPU
		{C5A9EADB-EB31-4927-A6CD-76FA88660685}.Release|Any CPU.ActiveCfg = Release|Any CPU
		{C5A9EADB-EB31-4927-A6CD-76FA88660685}.Release|Any CPU.Build.0 = Release|Any CPU
	EndGlobalSection
	GlobalSection(SolutionProperties) = preSolution
		HideSolutionNode = FALSE
	EndGlobalSection
	GlobalSection(ExtensibilityGlobals) = postSolution
		SolutionGuid = {3A0EADC2-480E-402F-8C3B-F8FC0627BD3F}
	EndGlobalSection
EndGlobal
